
Microsoft Visual Studio Solution File, Format Version 12.00
# Visual Studio Version 16
VisualStudioVersion = 16.0.30517.126
MinimumVisualStudioVersion = 10.0.40219.1
Project("{FAE04EC0-301F-11D3-BF4B-00C04F79EFBC}") = "OOPRuntime_0", "OOPRuntime_0\OOPRuntime_0.csproj", "{7A17A6A2-8F8E-4BD5-AC42-0B2CA964DE56}"
EndProject
Global
	GlobalSection(SolutionConfigurationPlatforms) = preSolution
		Debug|Any CPU = Debug|Any CPU
		Release|Any CPU = Release|Any CPU
	EndGlobalSection
	GlobalSection(ProjectConfigurationPlatforms) = postSolution
		{7A17A6A2-8F8E-4BD5-AC42-0B2CA964DE56}.Debug|Any CPU.ActiveCfg = Debug|Any CPU
		{7A17A6A2-8F8E-4BD5-AC42-0B2CA964DE56}.Debug|Any CPU.Build.0 = Debug|Any CPU
		{7A17A6A2-8F8E-4BD5-AC42-0B2CA964DE56}.Release|Any CPU.ActiveCfg = Release|Any CPU
		{7A17A6A2-8F8E-4BD5-AC42-0B2CA964DE56}.Release|Any CPU.Build.0 = Release|Any CPU
	EndGlobalSection
	GlobalSection(SolutionProperties) = preSolution
		HideSolutionNode = FALSE
	EndGlobalSection
	GlobalSection(ExtensibilityGlobals) = postSolution
		SolutionGuid = {D7A20C2F-D843-4F4A-8622-1109CB09765C}
	EndGlobalSection
EndGlobal
